// !$*UTF8*$!
{
	archiveVersion = 1;
	classes = {
	};
	objectVersion = 55;
	objects = {

/* Begin PBXBuildFile section */
		151A7277280F87E100753B42 /* AppDelegate.swift in Sources */ = {isa = PBXBuildFile; fileRef = 151A7276280F87E100753B42 /* AppDelegate.swift */; };
		151A7279280F87E100753B42 /* SceneDelegate.swift in Sources */ = {isa = PBXBuildFile; fileRef = 151A7278280F87E100753B42 /* SceneDelegate.swift */; };
		151A727B280F87E100753B42 /* ViewController.swift in Sources */ = {isa = PBXBuildFile; fileRef = 151A727A280F87E100753B42 /* ViewController.swift */; };
		151A727E280F87E100753B42 /* Main.storyboard in Resources */ = {isa = PBXBuildFile; fileRef = 151A727C280F87E100753B42 /* Main.storyboard */; };
		151A7281280F87E100753B42 /* QuoatesGenerator.xcdatamodeld in Sources */ = {isa = PBXBuildFile; fileRef = 151A727F280F87E100753B42 /* QuoatesGenerator.xcdatamodeld */; };
		151A7283280F87E300753B42 /* Assets.xcassets in Resources */ = {isa = PBXBuildFile; fileRef = 151A7282280F87E300753B42 /* Assets.xcassets */; };
		151A7286280F87E300753B42 /* LaunchScreen.storyboard in Resources */ = {isa = PBXBuildFile; fileRef = 151A7284280F87E300753B42 /* LaunchScreen.storyboard */; };
		151A7291280F87E300753B42 /* QuoatesGeneratorTests.swift in Sources */ = {isa = PBXBuildFile; fileRef = 151A7290280F87E300753B42 /* QuoatesGeneratorTests.swift */; };
		151A729B280F87E300753B42 /* QuoatesGeneratorUITests.swift in Sources */ = {isa = PBXBuildFile; fileRef = 151A729A280F87E300753B42 /* QuoatesGeneratorUITests.swift */; };
		151A729D280F87E300753B42 /* QuoatesGeneratorUITestsLaunchTests.swift in Sources */ = {isa = PBXBuildFile; fileRef = 151A729C280F87E300753B42 /* QuoatesGeneratorUITestsLaunchTests.swift */; };
		15A4E482280F8FF3008BAB83 /* Quoate.swift in Sources */ = {isa = PBXBuildFile; fileRef = 15A4E481280F8FF3008BAB83 /* Quoate.swift */; };
/* End PBXBuildFile section */

/* Begin PBXContainerItemProxy section */
		151A728D280F87E300753B42 /* PBXContainerItemProxy */ = {
			isa = PBXContainerItemProxy;
			containerPortal = 151A726B280F87E100753B42 /* Project object */;
			proxyType = 1;
			remoteGlobalIDString = 151A7272280F87E100753B42;
			remoteInfo = QuoatesGenerator;
		};
		151A7297280F87E300753B42 /* PBXContainerItemProxy */ = {
			isa = PBXContainerItemProxy;
			containerPortal = 151A726B280F87E100753B42 /* Project object */;
			proxyType = 1;
			remoteGlobalIDString = 151A7272280F87E100753B42;
			remoteInfo = QuoatesGenerator;
		};
/* End PBXContainerItemProxy section */

/* Begin PBXFileReference section */
		151A7273280F87E100753B42 /* QuoatesGenerator.app */ = {isa = PBXFileReference; explicitFileType = wrapper.application; includeInIndex = 0; path = QuoatesGenerator.app; sourceTree = BUILT_PRODUCTS_DIR; };
		151A7276280F87E100753B42 /* AppDelegate.swift */ = {isa = PBXFileReference; lastKnownFileType = sourcecode.swift; path = AppDelegate.swift; sourceTree = "<group>"; };
		151A7278280F87E100753B42 /* SceneDelegate.swift */ = {isa = PBXFileReference; lastKnownFileType = sourcecode.swift; path = SceneDelegate.swift; sourceTree = "<group>"; };
		151A727A280F87E100753B42 /* ViewController.swift */ = {isa = PBXFileReference; lastKnownFileType = sourcecode.swift; path = ViewController.swift; sourceTree = "<group>"; };
		151A727D280F87E100753B42 /* Base */ = {isa = PBXFileReference; lastKnownFileType = file.storyboard; name = Base; path = Base.lproj/Main.storyboard; sourceTree = "<group>"; };
		151A7280280F87E100753B42 /* QuoatesGenerator.xcdatamodel */ = {isa = PBXFileReference; lastKnownFileType = wrapper.xcdatamodel; path = QuoatesGenerator.xcdatamodel; sourceTree = "<group>"; };
		151A7282280F87E300753B42 /* Assets.xcassets */ = {isa = PBXFileReference; lastKnownFileType = folder.assetcatalog; path = Assets.xcassets; sourceTree = "<group>"; };
		151A7285280F87E300753B42 /* Base */ = {isa = PBXFileReference; lastKnownFileType = file.storyboard; name = Base; path = Base.lproj/LaunchScreen.storyboard; sourceTree = "<group>"; };
		151A7287280F87E300753B42 /* Info.plist */ = {isa = PBXFileReference; lastKnownFileType = text.plist.xml; path = Info.plist; sourceTree = "<group>"; };
		151A728C280F87E300753B42 /* QuoatesGeneratorTests.xctest */ = {isa = PBXFileReference; explicitFileType = wrapper.cfbundle; includeInIndex = 0; path = QuoatesGeneratorTests.xctest; sourceTree = BUILT_PRODUCTS_DIR; };
		151A7290280F87E300753B42 /* QuoatesGeneratorTests.swift */ = {isa = PBXFileReference; lastKnownFileType = sourcecode.swift; path = QuoatesGeneratorTests.swift; sourceTree = "<group>"; };
		151A7296280F87E300753B42 /* QuoatesGeneratorUITests.xctest */ = {isa = PBXFileReference; explicitFileType = wrapper.cfbundle; includeInIndex = 0; path = QuoatesGeneratorUITests.xctest; sourceTree = BUILT_PRODUCTS_DIR; };
		151A729A280F87E300753B42 /* QuoatesGeneratorUITests.swift */ = {isa = PBXFileReference; lastKnownFileType = sourcecode.swift; path = QuoatesGeneratorUITests.swift; sourceTree = "<group>"; };
		151A729C280F87E300753B42 /* QuoatesGeneratorUITestsLaunchTests.swift */ = {isa = PBXFileReference; lastKnownFileType = sourcecode.swift; path = QuoatesGeneratorUITestsLaunchTests.swift; sourceTree = "<group>"; };
		15A4E481280F8FF3008BAB83 /* Quoate.swift */ = {isa = PBXFileReference; lastKnownFileType = sourcecode.swift; path = Quoate.swift; sourceTree = "<group>"; };
/* End PBXFileReference section */

/* Begin PBXFrameworksBuildPhase section */
		151A7270280F87E100753B42 /* Frameworks */ = {
			isa = PBXFrameworksBuildPhase;
			buildActionMask = 2147483647;
			files = (
			);
			runOnlyForDeploymentPostprocessing = 0;
		};
		151A7289280F87E300753B42 /* Frameworks */ = {
			isa = PBXFrameworksBuildPhase;
			buildActionMask = 2147483647;
			files = (
			);
			runOnlyForDeploymentPostprocessing = 0;
		};
		151A7293280F87E300753B42 /* Frameworks */ = {
			isa = PBXFrameworksBuildPhase;
			buildActionMask = 2147483647;
			files = (
			);
			runOnlyForDeploymentPostprocessing = 0;
		};
/* End PBXFrameworksBuildPhase section */

/* Begin PBXGroup section */
		151A726A280F87E100753B42 = {
			isa = PBXGroup;
			children = (
				151A7275280F87E100753B42 /* QuoatesGenerator */,
				151A728F280F87E300753B42 /* QuoatesGeneratorTests */,
				151A7299280F87E300753B42 /* QuoatesGeneratorUITests */,
				151A7274280F87E100753B42 /* Products */,
			);
			sourceTree = "<group>";
		};
		151A7274280F87E100753B42 /* Products */ = {
			isa = PBXGroup;
			children = (
				151A7273280F87E100753B42 /* QuoatesGenerator.app */,
				151A728C280F87E300753B42 /* QuoatesGeneratorTests.xctest */,
				151A7296280F87E300753B42 /* QuoatesGeneratorUITests.xctest */,
			);
			name = Products;
			sourceTree = "<group>";
		};
		151A7275280F87E100753B42 /* QuoatesGenerator */ = {
			isa = PBXGroup;
			children = (
				15A4E481280F8FF3008BAB83 /* Quoate.swift */,
				151A727A280F87E100753B42 /* ViewController.swift */,
				151A7276280F87E100753B42 /* AppDelegate.swift */,
				151A7278280F87E100753B42 /* SceneDelegate.swift */,
				151A727C280F87E100753B42 /* Main.storyboard */,
				151A7282280F87E300753B42 /* Assets.xcassets */,
				151A7284280F87E300753B42 /* LaunchScreen.storyboard */,
				151A7287280F87E300753B42 /* Info.plist */,
				151A727F280F87E100753B42 /* QuoatesGenerator.xcdatamodeld */,
			);
			path = QuoatesGenerator;
			sourceTree = "<group>";
		};
		151A728F280F87E300753B42 /* QuoatesGeneratorTests */ = {
			isa = PBXGroup;
			children = (
				151A7290280F87E300753B42 /* QuoatesGeneratorTests.swift */,
			);
			path = QuoatesGeneratorTests;
			sourceTree = "<group>";
		};
		151A7299280F87E300753B42 /* QuoatesGeneratorUITests */ = {
			isa = PBXGroup;
			children = (
				151A729A280F87E300753B42 /* QuoatesGeneratorUITests.swift */,
				151A729C280F87E300753B42 /* QuoatesGeneratorUITestsLaunchTests.swift */,
			);
			path = QuoatesGeneratorUITests;
			sourceTree = "<group>";
		};
/* End PBXGroup section */

/* Begin PBXNativeTarget section */
		151A7272280F87E100753B42 /* QuoatesGenerator */ = {
			isa = PBXNativeTarget;
			buildConfigurationList = 151A72A0280F87E300753B42 /* Build configuration list for PBXNativeTarget "QuoatesGenerator" */;
			buildPhases = (
				151A726F280F87E100753B42 /* Sources */,
				151A7270280F87E100753B42 /* Frameworks */,
				151A7271280F87E100753B42 /* Resources */,
			);
			buildRules = (
			);
			dependencies = (
			);
			name = QuoatesGenerator;
			productName = QuoatesGenerator;
			productReference = 151A7273280F87E100753B42 /* QuoatesGenerator.app */;
			productType = "com.apple.product-type.application";
		};
		151A728B280F87E300753B42 /* QuoatesGeneratorTests */ = {
			isa = PBXNativeTarget;
			buildConfigurationList = 151A72A3280F87E300753B42 /* Build configuration list for PBXNativeTarget "QuoatesGeneratorTests" */;
			buildPhases = (
				151A7288280F87E300753B42 /* Sources */,
				151A7289280F87E300753B42 /* Frameworks */,
				151A728A280F87E300753B42 /* Resources */,
			);
			buildRules = (
			);
			dependencies = (
				151A728E280F87E300753B42 /* PBXTargetDependency */,
			);
			name = QuoatesGeneratorTests;
			productName = QuoatesGeneratorTests;
			productReference = 151A728C280F87E300753B42 /* QuoatesGeneratorTests.xctest */;
			productType = "com.apple.product-type.bundle.unit-test";
		};
		151A7295280F87E300753B42 /* QuoatesGeneratorUITests */ = {
			isa = PBXNativeTarget;
			buildConfigurationList = 151A72A6280F87E300753B42 /* Build configuration list for PBXNativeTarget "QuoatesGeneratorUITests" */;
			buildPhases = (
				151A7292280F87E300753B42 /* Sources */,
				151A7293280F87E300753B42 /* Frameworks */,
				151A7294280F87E300753B42 /* Resources */,
			);
			buildRules = (
			);
			dependencies = (
				151A7298280F87E300753B42 /* PBXTargetDependency */,
			);
			name = QuoatesGeneratorUITests;
			productName = QuoatesGeneratorUITests;
			productReference = 151A7296280F87E300753B42 /* QuoatesGeneratorUITests.xctest */;
			productType = "com.apple.product-type.bundle.ui-testing";
		};
/* End PBXNativeTarget section */

/* Begin PBXProject section */
		151A726B280F87E100753B42 /* Project object */ = {
			isa = PBXProject;
			attributes = {
				BuildIndependentTargetsInParallel = 1;
				LastSwiftUpdateCheck = 1330;
				LastUpgradeCheck = 1330;
				TargetAttributes = {
					151A7272280F87E100753B42 = {
						CreatedOnToolsVersion = 13.3.1;
					};
					151A728B280F87E300753B42 = {
						CreatedOnToolsVersion = 13.3.1;
						TestTargetID = 151A7272280F87E100753B42;
					};
					151A7295280F87E300753B42 = {
						CreatedOnToolsVersion = 13.3.1;
						TestTargetID = 151A7272280F87E100753B42;
					};
				};
			};
			buildConfigurationList = 151A726E280F87E100753B42 /* Build configuration list for PBXProject "QuoatesGenerator" */;
			compatibilityVersion = "Xcode 13.0";
			developmentRegion = en;
			hasScannedForEncodings = 0;
			knownRegions = (
				en,
				Base,
			);
			mainGroup = 151A726A280F87E100753B42;
			productRefGroup = 151A7274280F87E100753B42 /* Products */;
			projectDirPath = "";
			projectRoot = "";
			targets = (
				151A7272280F87E100753B42 /* QuoatesGenerator */,
				151A728B280F87E300753B42 /* QuoatesGeneratorTests */,
				151A7295280F87E300753B42 /* QuoatesGeneratorUITests */,
			);
		};
/* End PBXProject section */

/* Begin PBXResourcesBuildPhase section */
		151A7271280F87E100753B42 /* Resources */ = {
			isa = PBXResourcesBuildPhase;
			buildActionMask = 2147483647;
			files = (
				151A7286280F87E300753B42 /* LaunchScreen.storyboard in Resources */,
				151A7283280F87E300753B42 /* Assets.xcassets in Resources */,
				151A727E280F87E100753B42 /* Main.storyboard in Resources */,
			);
			runOnlyForDeploymentPostprocessing = 0;
		};
		151A728A280F87E300753B42 /* Resources */ = {
			isa = PBXResourcesBuildPhase;
			buildActionMask = 2147483647;
			files = (
			);
			runOnlyForDeploymentPostprocessing = 0;
		};
		151A7294280F87E300753B42 /* Resources */ = {
			isa = PBXResourcesBuildPhase;
			buildActionMask = 2147483647;
			files = (
			);
			runOnlyForDeploymentPostprocessing = 0;
		};
/* End PBXResourcesBuildPhase section */

/* Begin PBXSourcesBuildPhase section */
		151A726F280F87E100753B42 /* Sources */ = {
			isa = PBXSourcesBuildPhase;
			buildActionMask = 2147483647;
			files = (
				151A727B280F87E100753B42 /* ViewController.swift in Sources */,
				151A7277280F87E100753B42 /* AppDelegate.swift in Sources */,
				151A7281280F87E100753B42 /* QuoatesGenerator.xcdatamodeld in Sources */,
				15A4E482280F8FF3008BAB83 /* Quoate.swift in Sources */,
				151A7279280F87E100753B42 /* SceneDelegate.swift in Sources */,
			);
			runOnlyForDeploymentPostprocessing = 0;
		};
		151A7288280F87E300753B42 /* Sources */ = {
			isa = PBXSourcesBuildPhase;
			buildActionMask = 2147483647;
			files = (
				151A7291280F87E300753B42 /* QuoatesGeneratorTests.swift in Sources */,
			);
			runOnlyForDeploymentPostprocessing = 0;
		};
		151A7292280F87E300753B42 /* Sources */ = {
			isa = PBXSourcesBuildPhase;
			buildActionMask = 2147483647;
			files = (
				151A729B280F87E300753B42 /* QuoatesGeneratorUITests.swift in Sources */,
				151A729D280F87E300753B42 /* QuoatesGeneratorUITestsLaunchTests.swift in Sources */,
			);
			runOnlyForDeploymentPostprocessing = 0;
		};
/* End PBXSourcesBuildPhase section */

/* Begin PBXTargetDependency section */
		151A728E280F87E300753B42 /* PBXTargetDependency */ = {
			isa = PBXTargetDependency;
			target = 151A7272280F87E100753B42 /* QuoatesGenerator */;
			targetProxy = 151A728D280F87E300753B42 /* PBXContainerItemProxy */;
		};
		151A7298280F87E300753B42 /* PBXTargetDependency */ = {
			isa = PBXTargetDependency;
			target = 151A7272280F87E100753B42 /* QuoatesGenerator */;
			targetProxy = 151A7297280F87E300753B42 /* PBXContainerItemProxy */;
		};
/* End PBXTargetDependency section */

/* Begin PBXVariantGroup section */
		151A727C280F87E100753B42 /* Main.storyboard */ = {
			isa = PBXVariantGroup;
			children = (
				151A727D280F87E100753B42 /* Base */,
			);
			name = Main.storyboard;
			sourceTree = "<group>";
		};
		151A7284280F87E300753B42 /* LaunchScreen.storyboard */ = {
			isa = PBXVariantGroup;
			children = (
				151A7285280F87E300753B42 /* Base */,
			);
			name = LaunchScreen.storyboard;
			sourceTree = "<group>";
		};
/* End PBXVariantGroup section */

/* Begin XCBuildConfiguration section */
		151A729E280F87E300753B42 /* Debug */ = {
			isa = XCBuildConfiguration;
			buildSettings = {
				ALWAYS_SEARCH_USER_PATHS = NO;
				CLANG_ANALYZER_NONNULL = YES;
				CLANG_ANALYZER_NUMBER_OBJECT_CONVERSION = YES_AGGRESSIVE;
				CLANG_CXX_LANGUAGE_STANDARD = "gnu++17";
				CLANG_ENABLE_MODULES = YES;
				CLANG_ENABLE_OBJC_ARC = YES;
				CLANG_ENABLE_OBJC_WEAK = YES;
				CLANG_WARN_BLOCK_CAPTURE_AUTORELEASING = YES;
				CLANG_WARN_BOOL_CONVERSION = YES;
				CLANG_WARN_COMMA = YES;
				CLANG_WARN_CONSTANT_CONVERSION = YES;
				CLANG_WARN_DEPRECATED_OBJC_IMPLEMENTATIONS = YES;
				CLANG_WARN_DIRECT_OBJC_ISA_USAGE = YES_ERROR;
				CLANG_WARN_DOCUMENTATION_COMMENTS = YES;
				CLANG_WARN_EMPTY_BODY = YES;
				CLANG_WARN_ENUM_CONVERSION = YES;
				CLANG_WARN_INFINITE_RECURSION = YES;
				CLANG_WARN_INT_CONVERSION = YES;
				CLANG_WARN_NON_LITERAL_NULL_CONVERSION = YES;
				CLANG_WARN_OBJC_IMPLICIT_RETAIN_SELF = YES;
				CLANG_WARN_OBJC_LITERAL_CONVERSION = YES;
				CLANG_WARN_OBJC_ROOT_CLASS = YES_ERROR;
				CLANG_WARN_QUOTED_INCLUDE_IN_FRAMEWORK_HEADER = YES;
				CLANG_WARN_RANGE_LOOP_ANALYSIS = YES;
				CLANG_WARN_STRICT_PROTOTYPES = YES;
				CLANG_WARN_SUSPICIOUS_MOVE = YES;
				CLANG_WARN_UNGUARDED_AVAILABILITY = YES_AGGRESSIVE;
				CLANG_WARN_UNREACHABLE_CODE = YES;
				CLANG_WARN__DUPLICATE_METHOD_MATCH = YES;
				COPY_PHASE_STRIP = NO;
				DEBUG_INFORMATION_FORMAT = dwarf;
				ENABLE_STRICT_OBJC_MSGSEND = YES;
				ENABLE_TESTABILITY = YES;
				GCC_C_LANGUAGE_STANDARD = gnu11;
				GCC_DYNAMIC_NO_PIC = NO;
				GCC_NO_COMMON_BLOCKS = YES;
				GCC_OPTIMIZATION_LEVEL = 0;
				GCC_PREPROCESSOR_DEFINITIONS = (
					"DEBUG=1",
					"$(inherited)",
				);
				GCC_WARN_64_TO_32_BIT_CONVERSION = YES;
				GCC_WARN_ABOUT_RETURN_TYPE = YES_ERROR;
				GCC_WARN_UNDECLARED_SELECTOR = YES;
				GCC_WARN_UNINITIALIZED_AUTOS = YES_AGGRESSIVE;
				GCC_WARN_UNUSED_FUNCTION = YES;
				GCC_WARN_UNUSED_VARIABLE = YES;
				IPHONEOS_DEPLOYMENT_TARGET = 15.4;
				MTL_ENABLE_DEBUG_INFO = INCLUDE_SOURCE;
				MTL_FAST_MATH = YES;
				ONLY_ACTIVE_ARCH = YES;
				SDKROOT = iphoneos;
				SWIFT_ACTIVE_COMPILATION_CONDITIONS = DEBUG;
				SWIFT_OPTIMIZATION_LEVEL = "-Onone";
			};
			name = Debug;
		};
		151A729F280F87E300753B42 /* Release */ = {
			isa = XCBuildConfiguration;
			buildSettings = {
				ALWAYS_SEARCH_USER_PATHS = NO;
				CLANG_ANALYZER_NONNULL = YES;
				CLANG_ANALYZER_NUMBER_OBJECT_CONVERSION = YES_AGGRESSIVE;
				CLANG_CXX_LANGUAGE_STANDARD = "gnu++17";
				CLANG_ENABLE_MODULES = YES;
				CLANG_ENABLE_OBJC_ARC = YES;
				CLANG_ENABLE_OBJC_WEAK = YES;
				CLANG_WARN_BLOCK_CAPTURE_AUTORELEASING = YES;
				CLANG_WARN_BOOL_CONVERSION = YES;
				CLANG_WARN_COMMA = YES;
				CLANG_WARN_CONSTANT_CONVERSION = YES;
				CLANG_WARN_DEPRECATED_OBJC_IMPLEMENTATIONS = YES;
				CLANG_WARN_DIRECT_OBJC_ISA_USAGE = YES_ERROR;
				CLANG_WARN_DOCUMENTATION_COMMENTS = YES;
				CLANG_WARN_EMPTY_BODY = YES;
				CLANG_WARN_ENUM_CONVERSION = YES;
				CLANG_WARN_INFINITE_RECURSION = YES;
				CLANG_WARN_INT_CONVERSION = YES;
				CLANG_WARN_NON_LITERAL_NULL_CONVERSION = YES;
				CLANG_WARN_OBJC_IMPLICIT_RETAIN_SELF = YES;
				CLANG_WARN_OBJC_LITERAL_CONVERSION = YES;
				CLANG_WARN_OBJC_ROOT_CLASS = YES_ERROR;
				CLANG_WARN_QUOTED_INCLUDE_IN_FRAMEWORK_HEADER = YES;
				CLANG_WARN_RANGE_LOOP_ANALYSIS = YES;
				CLANG_WARN_STRICT_PROTOTYPES = YES;
				CLANG_WARN_SUSPICIOUS_MOVE = YES;
				CLANG_WARN_UNGUARDED_AVAILABILITY = YES_AGGRESSIVE;
				CLANG_WARN_UNREACHABLE_CODE = YES;
				CLANG_WARN__DUPLICATE_METHOD_MATCH = YES;
				COPY_PHASE_STRIP = NO;
				DEBUG_INFORMATION_FORMAT = "dwarf-with-dsym";
				ENABLE_NS_ASSERTIONS = NO;
				ENABLE_STRICT_OBJC_MSGSEND = YES;
				GCC_C_LANGUAGE_STANDARD = gnu11;
				GCC_NO_COMMON_BLOCKS = YES;
				GCC_WARN_64_TO_32_BIT_CONVERSION = YES;
				GCC_WARN_ABOUT_RETURN_TYPE = YES_ERROR;
				GCC_WARN_UNDECLARED_SELECTOR = YES;
				GCC_WARN_UNINITIALIZED_AUTOS = YES_AGGRESSIVE;
				GCC_WARN_UNUSED_FUNCTION = YES;
				GCC_WARN_UNUSED_VARIABLE = YES;
				IPHONEOS_DEPLOYMENT_TARGET = 15.4;
				MTL_ENABLE_DEBUG_INFO = NO;
				MTL_FAST_MATH = YES;
				SDKROOT = iphoneos;
				SWIFT_COMPILATION_MODE = wholemodule;
				SWIFT_OPTIMIZATION_LEVEL = "-O";
				VALIDATE_PRODUCT = YES;
			};
			name = Release;
		};
		151A72A1280F87E300753B42 /* Debug */ = {
			isa = XCBuildConfiguration;
			buildSettings = {
				ASSETCATALOG_COMPILER_APPICON_NAME = AppIcon;
				ASSETCATALOG_COMPILER_GLOBAL_ACCENT_COLOR_NAME = AccentColor;
				CODE_SIGN_STYLE = Automatic;
				CURRENT_PROJECT_VERSION = 1;
				GENERATE_INFOPLIST_FILE = YES;
				INFOPLIST_FILE = QuoatesGenerator/Info.plist;
				INFOPLIST_KEY_UIApplicationSupportsIndirectInputEvents = YES;
				INFOPLIST_KEY_UILaunchStoryboardName = LaunchScreen;
				INFOPLIST_KEY_UIMainStoryboardFile = Main;
				INFOPLIST_KEY_UISupportedInterfaceOrientations_iPad = "UIInterfaceOrientationPortrait UIInterfaceOrientationPortraitUpsideDown UIInterfaceOrientationLandscapeLeft UIInterfaceOrientationLandscapeRight";
				INFOPLIST_KEY_UISupportedInterfaceOrientations_iPhone = "UIInterfaceOrientationPortrait UIInterfaceOrientationLandscapeLeft UIInterfaceOrientationLandscapeRight";
				LD_RUNPATH_SEARCH_PATHS = (
					"$(inherited)",
					"@executable_path/Frameworks",
				);
				MARKETING_VERSION = 1.0;
				PRODUCT_BUNDLE_IDENTIFIER = al3.QuoatesGenerator;
				PRODUCT_NAME = "$(TARGET_NAME)";
				SWIFT_EMIT_LOC_STRINGS = YES;
				SWIFT_VERSION = 5.0;
				TARGETED_DEVICE_FAMILY = "1,2";
			};
			name = Debug;
		};
		151A72A2280F87E300753B42 /* Release */ = {
			isa = XCBuildConfiguration;
			buildSettings = {
				ASSETCATALOG_COMPILER_APPICON_NAME = AppIcon;
				ASSETCATALOG_COMPILER_GLOBAL_ACCENT_COLOR_NAME = AccentColor;
				CODE_SIGN_STYLE = Automatic;
				CURRENT_PROJECT_VERSION = 1;
				GENERATE_INFOPLIST_FILE = YES;
				INFOPLIST_FILE = QuoatesGenerator/Info.plist;
				INFOPLIST_KEY_UIApplicationSupportsIndirectInputEvents = YES;
				INFOPLIST_KEY_UILaunchStoryboardName = LaunchScreen;
				INFOPLIST_KEY_UIMainStoryboardFile = Main;
				INFOPLIST_KEY_UISupportedInterfaceOrientations_iPad = "UIInterfaceOrientationPortrait UIInterfaceOrientationPortraitUpsideDown UIInterfaceOrientationLandscapeLeft UIInterfaceOrientationLandscapeRight";
				INFOPLIST_KEY_UISupportedInterfaceOrientations_iPhone = "UIInterfaceOrientationPortrait UIInterfaceOrientationLandscapeLeft UIInterfaceOrientationLandscapeRight";
				LD_RUNPATH_SEARCH_PATHS = (
					"$(inherited)",
					"@executable_path/Frameworks",
				);
				MARKETING_VERSION = 1.0;
				PRODUCT_BUNDLE_IDENTIFIER = al3.QuoatesGenerator;
				PRODUCT_NAME = "$(TARGET_NAME)";
				SWIFT_EMIT_LOC_STRINGS = YES;
				SWIFT_VERSION = 5.0;
				TARGETED_DEVICE_FAMILY = "1,2";
			};
			name = Release;
		};
		151A72A4280F87E300753B42 /* Debug */ = {
			isa = XCBuildConfiguration;
			buildSettings = {
				ALWAYS_EMBED_SWIFT_STANDARD_LIBRARIES = YES;
				BUNDLE_LOADER = "$(TEST_HOST)";
				CODE_SIGN_STYLE = Automatic;
				CURRENT_PROJECT_VERSION = 1;
				GENERATE_INFOPLIST_FILE = YES;
				IPHONEOS_DEPLOYMENT_TARGET = 15.4;
				MARKETING_VERSION = 1.0;
				PRODUCT_BUNDLE_IDENTIFIER = al3.QuoatesGeneratorTests;
				PRODUCT_NAME = "$(TARGET_NAME)";
				SWIFT_EMIT_LOC_STRINGS = NO;
				SWIFT_VERSION = 5.0;
				TARGETED_DEVICE_FAMILY = "1,2";
				TEST_HOST = "$(BUILT_PRODUCTS_DIR)/QuoatesGenerator.app/QuoatesGenerator";
			};
			name = Debug;
		};
		151A72A5280F87E300753B42 /* Release */ = {
			isa = XCBuildConfiguration;
			buildSettings = {
				ALWAYS_EMBED_SWIFT_STANDARD_LIBRARIES = YES;
				BUNDLE_LOADER = "$(TEST_HOST)";
				CODE_SIGN_STYLE = Automatic;
				CURRENT_PROJECT_VERSION = 1;
				GENERATE_INFOPLIST_FILE = YES;
				IPHONEOS_DEPLOYMENT_TARGET = 15.4;
				MARKETING_VERSION = 1.0;
				PRODUCT_BUNDLE_IDENTIFIER = al3.QuoatesGeneratorTests;
				PRODUCT_NAME = "$(TARGET_NAME)";
				SWIFT_EMIT_LOC_STRINGS = NO;
				SWIFT_VERSION = 5.0;
				TARGETED_DEVICE_FAMILY = "1,2";
				TEST_HOST = "$(BUILT_PRODUCTS_DIR)/QuoatesGenerator.app/QuoatesGenerator";
			};
			name = Release;
		};
		151A72A7280F87E300753B42 /* Debug */ = {
			isa = XCBuildConfiguration;
			buildSettings = {
				ALWAYS_EMBED_SWIFT_STANDARD_LIBRARIES = YES;
				CODE_SIGN_STYLE = Automatic;
				CURRENT_PROJECT_VERSION = 1;
				GENERATE_INFOPLIST_FILE = YES;
				MARKETING_VERSION = 1.0;
				PRODUCT_BUNDLE_IDENTIFIER = al3.QuoatesGeneratorUITests;
				PRODUCT_NAME = "$(TARGET_NAME)";
				SWIFT_EMIT_LOC_STRINGS = NO;
				SWIFT_VERSION = 5.0;
				TARGETED_DEVICE_FAMILY = "1,2";
				TEST_TARGET_NAME = QuoatesGenerator;
			};
			name = Debug;
		};
		151A72A8280F87E300753B42 /* Release */ = {
			isa = XCBuildConfiguration;
			buildSettings = {
				ALWAYS_EMBED_SWIFT_STANDARD_LIBRARIES = YES;
				CODE_SIGN_STYLE = Automatic;
				CURRENT_PROJECT_VERSION = 1;
				GENERATE_INFOPLIST_FILE = YES;
				MARKETING_VERSION = 1.0;
				PRODUCT_BUNDLE_IDENTIFIER = al3.QuoatesGeneratorUITests;
				PRODUCT_NAME = "$(TARGET_NAME)";
				SWIFT_EMIT_LOC_STRINGS = NO;
				SWIFT_VERSION = 5.0;
				TARGETED_DEVICE_FAMILY = "1,2";
				TEST_TARGET_NAME = QuoatesGenerator;
			};
			name = Release;
		};
/* End XCBuildConfiguration section */

/* Begin XCConfigurationList section */
		151A726E280F87E100753B42 /* Build configuration list for PBXProject "QuoatesGenerator" */ = {
			isa = XCConfigurationList;
			buildConfigurations = (
				151A729E280F87E300753B42 /* Debug */,
				151A729F280F87E300753B42 /* Release */,
			);
			defaultConfigurationIsVisible = 0;
			defaultConfigurationName = Release;
		};
		151A72A0280F87E300753B42 /* Build configuration list for PBXNativeTarget "QuoatesGenerator" */ = {
			isa = XCConfigurationList;
			buildConfigurations = (
				151A72A1280F87E300753B42 /* Debug */,
				151A72A2280F87E300753B42 /* Release */,
			);
			defaultConfigurationIsVisible = 0;
			defaultConfigurationName = Release;
		};
		151A72A3280F87E300753B42 /* Build configuration list for PBXNativeTarget "QuoatesGeneratorTests" */ = {
			isa = XCConfigurationList;
			buildConfigurations = (
				151A72A4280F87E300753B42 /* Debug */,
				151A72A5280F87E300753B42 /* Release */,
			);
			defaultConfigurationIsVisible = 0;
			defaultConfigurationName = Release;
		};
		151A72A6280F87E300753B42 /* Build configuration list for PBXNativeTarget "QuoatesGeneratorUITests" */ = {
			isa = XCConfigurationList;
			buildConfigurations = (
				151A72A7280F87E300753B42 /* Debug */,
				151A72A8280F87E300753B42 /* Release */,
			);
			defaultConfigurationIsVisible = 0;
			defaultConfigurationName = Release;
		};
/* End XCConfigurationList section */

/* Begin XCVersionGroup section */
		151A727F280F87E100753B42 /* QuoatesGenerator.xcdatamodeld */ = {
			isa = XCVersionGroup;
			children = (
				151A7280280F87E100753B42 /* QuoatesGenerator.xcdatamodel */,
			);
			currentVersion = 151A7280280F87E100753B42 /* QuoatesGenerator.xcdatamodel */;
			path = QuoatesGenerator.xcdatamodeld;
			sourceTree = "<group>";
			versionGroupType = wrapper.xcdatamodel;
		};
/* End XCVersionGroup section */
	};
	rootObject = 151A726B280F87E100753B42 /* Project object */;
}
